
Microsoft Visual Studio Solution File, Format Version 12.00
# Visual Studio Version 16
VisualStudioVersion = 16.0.30621.155
MinimumVisualStudioVersion = 10.0.40219.1
Project("{FAE04EC0-301F-11D3-BF4B-00C04F79EFBC}") = "AMS_Service", "AMS_Service\AMS_Service.csproj", "{F0309578-9129-41A2-9B4B-1801ADAEC5CA}"
EndProject
Global
	GlobalSection(SolutionConfigurationPlatforms) = preSolution
		Debug|Any CPU = Debug|Any CPU
		Release|Any CPU = Release|Any CPU
	EndGlobalSection
	GlobalSection(ProjectConfigurationPlatforms) = postSolution
		{F0309578-9129-41A2-9B4B-1801ADAEC5CA}.Debug|Any CPU.ActiveCfg = Debug|Any CPU
		{F0309578-9129-41A2-9B4B-1801ADAEC5CA}.Debug|Any CPU.Build.0 = Debug|Any CPU
		{F0309578-9129-41A2-9B4B-1801ADAEC5CA}.Release|Any CPU.ActiveCfg = Release|Any CPU
		{F0309578-9129-41A2-9B4B-1801ADAEC5CA}.Release|Any CPU.Build.0 = Release|Any CPU
	EndGlobalSection
	GlobalSection(SolutionProperties) = preSolution
		HideSolutionNode = FALSE
	EndGlobalSection
	GlobalSection(ExtensibilityGlobals) = postSolution
		SolutionGuid = {BC3D1978-018F-449E-8B4F-ACA425131C64}
	EndGlobalSection
EndGlobal
